
Microsoft Visual Studio Solution File, Format Version 12.00
# Visual Studio Version 16
VisualStudioVersion = 16.0.29728.190
MinimumVisualStudioVersion = 10.0.40219.1
Project("{FAE04EC0-301F-11D3-BF4B-00C04F79EFBC}") = "ShoppinList", "ShoppinList\ShoppinList.csproj", "{8755F186-D6ED-4C77-9740-3C722D60C537}"
EndProject
Global
	GlobalSection(SolutionConfigurationPlatforms) = preSolution
		Debug|Any CPU = Debug|Any CPU
		Release|Any CPU = Release|Any CPU
	EndGlobalSection
	GlobalSection(ProjectConfigurationPlatforms) = postSolution
		{8755F186-D6ED-4C77-9740-3C722D60C537}.Debug|Any CPU.ActiveCfg = Debug|Any CPU
		{8755F186-D6ED-4C77-9740-3C722D60C537}.Debug|Any CPU.Build.0 = Debug|Any CPU
		{8755F186-D6ED-4C77-9740-3C722D60C537}.Release|Any CPU.ActiveCfg = Release|Any CPU
		{8755F186-D6ED-4C77-9740-3C722D60C537}.Release|Any CPU.Build.0 = Release|Any CPU
	EndGlobalSection
	GlobalSection(SolutionProperties) = preSolution
		HideSolutionNode = FALSE
	EndGlobalSection
	GlobalSection(ExtensibilityGlobals) = postSolution
		SolutionGuid = {94F0CD96-EEC6-4643-9524-116BDE8355A2}
	EndGlobalSection
EndGlobal
